
Microsoft Visual Studio Solution File, Format Version 10.00
# Visual Studio 2008
Project("{FAE04EC0-301F-11D3-BF4B-00C04F79EFBC}") = "Dimensional", "Dimensional\Dimensional.csproj", "{A305449D-24EB-4F6B-9FB2-02AC2BE1EEF2}"
EndProject
Global
	GlobalSection(SolutionConfigurationPlatforms) = preSolution
		Debug|Any CPU = Debug|Any CPU
		Release|Any CPU = Release|Any CPU
	EndGlobalSection
	GlobalSection(ProjectConfigurationPlatforms) = postSolution
		{A305449D-24EB-4F6B-9FB2-02AC2BE1EEF2}.Debug|Any CPU.ActiveCfg = Debug|Any CPU
		{A305449D-24EB-4F6B-9FB2-02AC2BE1EEF2}.Debug|Any CPU.Build.0 = Debug|Any CPU
		{A305449D-24EB-4F6B-9FB2-02AC2BE1EEF2}.Release|Any CPU.ActiveCfg = Release|Any CPU
		{A305449D-24EB-4F6B-9FB2-02AC2BE1EEF2}.Release|Any CPU.Build.0 = Release|Any CPU
	EndGlobalSection
	GlobalSection(SolutionProperties) = preSolution
		HideSolutionNode = FALSE
	EndGlobalSection
EndGlobal
